
Microsoft Visual Studio Solution File, Format Version 12.00
# Visual Studio Version 16
VisualStudioVersion = 16.0.30611.23
MinimumVisualStudioVersion = 10.0.40219.1
Project("{FAE04EC0-301F-11D3-BF4B-00C04F79EFBC}") = "CaseStudyMedium", "CaseStudyMedium.csproj", "{97BA0F1E-0563-41C7-866B-DA8BFE262EC2}"
EndProject
Global
	GlobalSection(SolutionConfigurationPlatforms) = preSolution
		Debug|Any CPU = Debug|Any CPU
		Release|Any CPU = Release|Any CPU
	EndGlobalSection
	GlobalSection(ProjectConfigurationPlatforms) = postSolution
		{97BA0F1E-0563-41C7-866B-DA8BFE262EC2}.Debug|Any CPU.ActiveCfg = Debug|Any CPU
		{97BA0F1E-0563-41C7-866B-DA8BFE262EC2}.Debug|Any CPU.Build.0 = Debug|Any CPU
		{97BA0F1E-0563-41C7-866B-DA8BFE262EC2}.Release|Any CPU.ActiveCfg = Release|Any CPU
		{97BA0F1E-0563-41C7-866B-DA8BFE262EC2}.Release|Any CPU.Build.0 = Release|Any CPU
	EndGlobalSection
	GlobalSection(SolutionProperties) = preSolution
		HideSolutionNode = FALSE
	EndGlobalSection
	GlobalSection(ExtensibilityGlobals) = postSolution
		SolutionGuid = {2B60B806-FF8C-4F96-A583-5B9CC863B18E}
	EndGlobalSection
EndGlobal
